<?xml version="1.0" encoding="utf-8"?>
<Project ToolsVersion="4.0" xmlns="http://schemas.microsoft.com/developer/msbuild/2003">
  <ItemGroup>
    <Filter Include="Source Files">
      <UniqueIdentifier>{4FC737F1-C7A5-4376-A066-2A32D752A2FF}</UniqueIdentifier>
      <Extensions>cpp;c;cc;cxx;def;odl;idl;hpj;bat;asm;asmx</Extensions>
    </Filter>
    <Filter Include="Header Files">
      <UniqueIdentifier>{93995380-89BD-4b04-88EB-625FBE52EBFB}</UniqueIdentifier>
      <Extensions>h;hh;hpp;hxx;hm;inl;inc;xsd</Extensions>
    </Filter>
    <Filter Include="Resource Files">
      <UniqueIdentifier>{67DA6AB6-F800-4c08-8B7A-83BB121AAD01}</UniqueIdentifier>
      <Extensions>rc;ico;cur;bmp;dlg;rc2;rct;bin;rgs;gif;jpg;jpeg;jpe;resx;tiff;tif;png;wav;mfcribbon-ms</Extensions>
    </Filter>
    <Filter Include="engine">
      <UniqueIdentifier>{c93bdc7a-1261-4e4e-8210-a1924179a950}</UniqueIdentifier>
    </Filter>
  </ItemGroup>
  <ItemGroup>
    <Text Include="ReadMe.txt" />
  </ItemGroup>
  <ItemGroup>
    <ClInclude Include="emulator.h">
      <Filter>Header Files</Filter>
    </ClInclude>
    <ClInclude Include="emulatorDlg.h">
      <Filter>Header Files</Filter>
    </ClInclude>
    <ClInclude Include="stdafx.h">
      <Filter>Header Files</Filter>
    </ClInclude>
    <ClInclude Include="targetver.h">
      <Filter>Header Files</Filter>
    </ClInclude>
    <ClInclude Include="Resource.h">
      <Filter>Header Files</Filter>
    </ClInclude>
    <ClInclude Include="..\..\engine\EGDelay.h">
      <Filter>engine</Filter>
    </ClInclude>
    <ClInclude Include="..\..\engine\engine_main.h">
      <Filter>engine</Filter>
    </ClInclude>
    <ClInclude Include="..\..\engine\MADSR.h">
      <Filter>engine</Filter>
    </ClInclude>
    <ClInclude Include="..\..\engine\SDFileIO.h">
      <Filter>engine</Filter>
    </ClInclude>
    <ClInclude Include="..\..\engine\SDTest.h">
      <Filter>engine</Filter>
    </ClInclude>
    <ClInclude Include="..\..\engine\Voice.h">
      <Filter>engine</Filter>
    </ClInclude>
    <ClInclude Include="..\..\engine\WaveFile.h">
      <Filter>engine</Filter>
    </ClInclude>
    <ClInclude Include="SliderGDICtrl.h">
      <Filter>Header Files</Filter>
    </ClInclude>
    <ClInclude Include="pa.h">
      <Filter>Header Files</Filter>
    </ClInclude>
    <ClInclude Include="..\..\engine\ConfigFileManager.h">
      <Filter>engine</Filter>
    </ClInclude>
  </ItemGroup>
  <ItemGroup>
    <ClCompile Include="emulator.cpp">
      <Filter>Source Files</Filter>
    </ClCompile>
    <ClCompile Include="emulatorDlg.cpp">
      <Filter>Source Files</Filter>
    </ClCompile>
    <ClCompile Include="stdafx.cpp">
      <Filter>Source Files</Filter>
    </ClCompile>
    <ClCompile Include="..\..\engine\EGDelay.cpp">
      <Filter>engine</Filter>
    </ClCompile>
    <ClCompile Include="..\..\engine\engine_main.cpp">
      <Filter>engine</Filter>
    </ClCompile>
    <ClCompile Include="..\..\engine\MADSR.cpp">
      <Filter>engine</Filter>
    </ClCompile>
    <ClCompile Include="..\..\engine\SDFileIO.cpp">
      <Filter>engine</Filter>
    </ClCompile>
    <ClCompile Include="..\..\engine\SDTest.cpp">
      <Filter>engine</Filter>
    </ClCompile>
    <ClCompile Include="..\..\engine\Voice.cpp">
      <Filter>engine</Filter>
    </ClCompile>
    <ClCompile Include="..\..\engine\WaveFile.cpp">
      <Filter>engine</Filter>
    </ClCompile>
    <ClCompile Include="SliderGDICtrl.cpp">
      <Filter>Source Files</Filter>
    </ClCompile>
    <ClCompile Include="..\..\engine\ConfigFileManager.cpp">
      <Filter>engine</Filter>
    </ClCompile>
  </ItemGroup>
  <ItemGroup>
    <ResourceCompile Include="emulator.rc">
      <Filter>Resource Files</Filter>
    </ResourceCompile>
  </ItemGroup>
  <ItemGroup>
    <None Include="res\emulator.rc2">
      <Filter>Resource Files</Filter>
    </None>
  </ItemGroup>
  <ItemGroup>
    <Image Include="res\emulator.ico">
      <Filter>Resource Files</Filter>
    </Image>
  </ItemGroup>
</Project>